// !$*UTF8*$!
{
	archiveVersion = 1;
	classes = {
	};
	objectVersion = 50;
	objects = {

/* Begin PBXBuildFile section */
		AE0521A82445C8180054F82A /* AppDelegate.swift in Sources */ = {isa = PBXBuildFile; fileRef = AE0521A72445C8180054F82A /* AppDelegate.swift */; };
		AE0521AA2445C8180054F82A /* ViewController.swift in Sources */ = {isa = PBXBuildFile; fileRef = AE0521A92445C8180054F82A /* ViewController.swift */; };
		AE0521AC2445C81B0054F82A /* Assets.xcassets in Resources */ = {isa = PBXBuildFile; fileRef = AE0521AB2445C81B0054F82A /* Assets.xcassets */; };
		AE0521AF2445C81B0054F82A /* Main.storyboard in Resources */ = {isa = PBXBuildFile; fileRef = AE0521AD2445C81B0054F82A /* Main.storyboard */; };
		AE0521B82445C8270054F82A /* LocalCookies.swift in Sources */ = {isa = PBXBuildFile; fileRef = AE0521B72445C8270054F82A /* LocalCookies.swift */; };
/* End PBXBuildFile section */

/* Begin PBXFileReference section */
		AE0521A42445C8180054F82A /* CookieReader.app */ = {isa = PBXFileReference; explicitFileType = wrapper.application; includeInIndex = 0; path = CookieReader.app; sourceTree = BUILT_PRODUCTS_DIR; };
		AE0521A72445C8180054F82A /* AppDelegate.swift */ = {isa = PBXFileReference; lastKnownFileType = sourcecode.swift; path = AppDelegate.swift; sourceTree = "<group>"; };
		AE0521A92445C8180054F82A /* ViewController.swift */ = {isa = PBXFileReference; lastKnownFileType = sourcecode.swift; path = ViewController.swift; sourceTree = "<group>"; };
		AE0521AB2445C81B0054F82A /* Assets.xcassets */ = {isa = PBXFileReference; lastKnownFileType = folder.assetcatalog; path = Assets.xcassets; sourceTree = "<group>"; };
		AE0521AE2445C81B0054F82A /* Base */ = {isa = PBXFileReference; lastKnownFileType = file.storyboard; name = Base; path = Base.lproj/Main.storyboard; sourceTree = "<group>"; };
		AE0521B02445C81B0054F82A /* Info.plist */ = {isa = PBXFileReference; lastKnownFileType = text.plist.xml; path = Info.plist; sourceTree = "<group>"; };
		AE0521B12445C81B0054F82A /* CookieReader.entitlements */ = {isa = PBXFileReference; lastKnownFileType = text.plist.entitlements; path = CookieReader.entitlements; sourceTree = "<group>"; };
		AE0521B72445C8270054F82A /* LocalCookies.swift */ = {isa = PBXFileReference; fileEncoding = 4; lastKnownFileType = sourcecode.swift; path = LocalCookies.swift; sourceTree = "<group>"; };
		AE0521B92445C8710054F82A /* Cookies.binarycookies */ = {isa = PBXFileReference; lastKnownFileType = file; path = Cookies.binarycookies; sourceTree = "<group>"; };
/* End PBXFileReference section */

/* Begin PBXFrameworksBuildPhase section */
		AE0521A12445C8180054F82A /* Frameworks */ = {
			isa = PBXFrameworksBuildPhase;
			buildActionMask = 2147483647;
			files = (
			);
			runOnlyForDeploymentPostprocessing = 0;
		};
/* End PBXFrameworksBuildPhase section */

/* Begin PBXGroup section */
		AE05219B2445C8180054F82A = {
			isa = PBXGroup;
			children = (
				AE0521A62445C8180054F82A /* CookieReader */,
				AE0521A52445C8180054F82A /* Products */,
			);
			sourceTree = "<group>";
		};
		AE0521A52445C8180054F82A /* Products */ = {
			isa = PBXGroup;
			children = (
				AE0521A42445C8180054F82A /* CookieReader.app */,
			);
			name = Products;
			sourceTree = "<group>";
		};
		AE0521A62445C8180054F82A /* CookieReader */ = {
			isa = PBXGroup;
			children = (
				AE0521B92445C8710054F82A /* Cookies.binarycookies */,
				AE0521B72445C8270054F82A /* LocalCookies.swift */,
				AE0521A72445C8180054F82A /* AppDelegate.swift */,
				AE0521A92445C8180054F82A /* ViewController.swift */,
				AE0521AB2445C81B0054F82A /* Assets.xcassets */,
				AE0521AD2445C81B0054F82A /* Main.storyboard */,
				AE0521B02445C81B0054F82A /* Info.plist */,
				AE0521B12445C81B0054F82A /* CookieReader.entitlements */,
			);
			path = CookieReader;
			sourceTree = "<group>";
		};
/* End PBXGroup section */

/* Begin PBXNativeTarget section */
		AE0521A32445C8180054F82A /* CookieReader */ = {
			isa = PBXNativeTarget;
			buildConfigurationList = AE0521B42445C81B0054F82A /* Build configuration list for PBXNativeTarget "CookieReader" */;
			buildPhases = (
				AE0521A02445C8180054F82A /* Sources */,
				AE0521A12445C8180054F82A /* Frameworks */,
				AE0521A22445C8180054F82A /* Resources */,
			);
			buildRules = (
			);
			dependencies = (
			);
			name = CookieReader;
			productName = CookieReader;
			productReference = AE0521A42445C8180054F82A /* CookieReader.app */;
			productType = "com.apple.product-type.application";
		};
/* End PBXNativeTarget section */

/* Begin PBXProject section */
		AE05219C2445C8180054F82A /* Project object */ = {
			isa = PBXProject;
			attributes = {
				LastSwiftUpdateCheck = 1140;
				LastUpgradeCheck = 1140;
				ORGANIZATIONNAME = com;
				TargetAttributes = {
					AE0521A32445C8180054F82A = {
						CreatedOnToolsVersion = 11.4;
					};
				};
			};
			buildConfigurationList = AE05219F2445C8180054F82A /* Build configuration list for PBXProject "CookieReader" */;
			compatibilityVersion = "Xcode 9.3";
			developmentRegion = en;
			hasScannedForEncodings = 0;
			knownRegions = (
				en,
				Base,
			);
			mainGroup = AE05219B2445C8180054F82A;
			productRefGroup = AE0521A52445C8180054F82A /* Products */;
			projectDirPath = "";
			projectRoot = "";
			targets = (
				AE0521A32445C8180054F82A /* CookieReader */,
			);
		};
/* End PBXProject section */

/* Begin PBXResourcesBuildPhase section */
		AE0521A22445C8180054F82A /* Resources */ = {
			isa = PBXResourcesBuildPhase;
			buildActionMask = 2147483647;
			files = (
				AE0521AC2445C81B0054F82A /* Assets.xcassets in Resources */,
				AE0521AF2445C81B0054F82A /* Main.storyboard in Resources */,
			);
			runOnlyForDeploymentPostprocessing = 0;
		};
/* End PBXResourcesBuildPhase section */

/* Begin PBXSourcesBuildPhase section */
		AE0521A02445C8180054F82A /* Sources */ = {
			isa = PBXSourcesBuildPhase;
			buildActionMask = 2147483647;
			files = (
				AE0521AA2445C8180054F82A /* ViewController.swift in Sources */,
				AE0521B82445C8270054F82A /* LocalCookies.swift in Sources */,
				AE0521A82445C8180054F82A /* AppDelegate.swift in Sources */,
			);
			runOnlyForDeploymentPostprocessing = 0;
		};
/* End PBXSourcesBuildPhase section */

/* Begin PBXVariantGroup section */
		AE0521AD2445C81B0054F82A /* Main.storyboard */ = {
			isa = PBXVariantGroup;
			children = (
				AE0521AE2445C81B0054F82A /* Base */,
			);
			name = Main.storyboard;
			sourceTree = "<group>";
		};
/* End PBXVariantGroup section */

/* Begin XCBuildConfiguration section */
		AE0521B22445C81B0054F82A /* Debug */ = {
			isa = XCBuildConfiguration;
			buildSettings = {
				ALWAYS_SEARCH_USER_PATHS = NO;
				CLANG_ANALYZER_NONNULL = YES;
				CLANG_ANALYZER_NUMBER_OBJECT_CONVERSION = YES_AGGRESSIVE;
				CLANG_CXX_LANGUAGE_STANDARD = "gnu++14";
				CLANG_CXX_LIBRARY = "libc++";
				CLANG_ENABLE_MODULES = YES;
				CLANG_ENABLE_OBJC_ARC = YES;
				CLANG_ENABLE_OBJC_WEAK = YES;
				CLANG_WARN_BLOCK_CAPTURE_AUTORELEASING = YES;
				CLANG_WARN_BOOL_CONVERSION = YES;
				CLANG_WARN_COMMA = YES;
				CLANG_WARN_CONSTANT_CONVERSION = YES;
				CLANG_WARN_DEPRECATED_OBJC_IMPLEMENTATIONS = YES;
				CLANG_WARN_DIRECT_OBJC_ISA_USAGE = YES_ERROR;
				CLANG_WARN_DOCUMENTATION_COMMENTS = YES;
				CLANG_WARN_EMPTY_BODY = YES;
				CLANG_WARN_ENUM_CONVERSION = YES;
				CLANG_WARN_INFINITE_RECURSION = YES;
				CLANG_WARN_INT_CONVERSION = YES;
				CLANG_WARN_NON_LITERAL_NULL_CONVERSION = YES;
				CLANG_WARN_OBJC_IMPLICIT_RETAIN_SELF = YES;
				CLANG_WARN_OBJC_LITERAL_CONVERSION = YES;
				CLANG_WARN_OBJC_ROOT_CLASS = YES_ERROR;
				CLANG_WARN_RANGE_LOOP_ANALYSIS = YES;
				CLANG_WARN_STRICT_PROTOTYPES = YES;
				CLANG_WARN_SUSPICIOUS_MOVE = YES;
				CLANG_WARN_UNGUARDED_AVAILABILITY = YES_AGGRESSIVE;
				CLANG_WARN_UNREACHABLE_CODE = YES;
				CLANG_WARN__DUPLICATE_METHOD_MATCH = YES;
				COPY_PHASE_STRIP = NO;
				DEBUG_INFORMATION_FORMAT = dwarf;
				ENABLE_STRICT_OBJC_MSGSEND = YES;
				ENABLE_TESTABILITY = YES;
				GCC_C_LANGUAGE_STANDARD = gnu11;
				GCC_DYNAMIC_NO_PIC = NO;
				GCC_NO_COMMON_BLOCKS = YES;
				GCC_OPTIMIZATION_LEVEL = 0;
				GCC_PREPROCESSOR_DEFINITIONS = (
					"DEBUG=1",
					"$(inherited)",
				);
				GCC_WARN_64_TO_32_BIT_CONVERSION = YES;
				GCC_WARN_ABOUT_RETURN_TYPE = YES_ERROR;
				GCC_WARN_UNDECLARED_SELECTOR = YES;
				GCC_WARN_UNINITIALIZED_AUTOS = YES_AGGRESSIVE;
				GCC_WARN_UNUSED_FUNCTION = YES;
				GCC_WARN_UNUSED_VARIABLE = YES;
				MACOSX_DEPLOYMENT_TARGET = 10.15;
				MTL_ENABLE_DEBUG_INFO = INCLUDE_SOURCE;
				MTL_FAST_MATH = YES;
				ONLY_ACTIVE_ARCH = YES;
				SDKROOT = macosx;
				SWIFT_ACTIVE_COMPILATION_CONDITIONS = DEBUG;
				SWIFT_OPTIMIZATION_LEVEL = "-Onone";
			};
			name = Debug;
		};
		AE0521B32445C81B0054F82A /* Release */ = {
			isa = XCBuildConfiguration;
			buildSettings = {
				ALWAYS_SEARCH_USER_PATHS = NO;
				CLANG_ANALYZER_NONNULL = YES;
				CLANG_ANALYZER_NUMBER_OBJECT_CONVERSION = YES_AGGRESSIVE;
				CLANG_CXX_LANGUAGE_STANDARD = "gnu++14";
				CLANG_CXX_LIBRARY = "libc++";
				CLANG_ENABLE_MODULES = YES;
				CLANG_ENABLE_OBJC_ARC = YES;
				CLANG_ENABLE_OBJC_WEAK = YES;
				CLANG_WARN_BLOCK_CAPTURE_AUTORELEASING = YES;
				CLANG_WARN_BOOL_CONVERSION = YES;
				CLANG_WARN_COMMA = YES;
				CLANG_WARN_CONSTANT_CONVERSION = YES;
				CLANG_WARN_DEPRECATED_OBJC_IMPLEMENTATIONS = YES;
				CLANG_WARN_DIRECT_OBJC_ISA_USAGE = YES_ERROR;
				CLANG_WARN_DOCUMENTATION_COMMENTS = YES;
				CLANG_WARN_EMPTY_BODY = YES;
				CLANG_WARN_ENUM_CONVERSION = YES;
				CLANG_WARN_INFINITE_RECURSION = YES;
				CLANG_WARN_INT_CONVERSION = YES;
				CLANG_WARN_NON_LITERAL_NULL_CONVERSION = YES;
				CLANG_WARN_OBJC_IMPLICIT_RETAIN_SELF = YES;
				CLANG_WARN_OBJC_LITERAL_CONVERSION = YES;
				CLANG_WARN_OBJC_ROOT_CLASS = YES_ERROR;
				CLANG_WARN_RANGE_LOOP_ANALYSIS = YES;
				CLANG_WARN_STRICT_PROTOTYPES = YES;
				CLANG_WARN_SUSPICIOUS_MOVE = YES;
				CLANG_WARN_UNGUARDED_AVAILABILITY = YES_AGGRESSIVE;
				CLANG_WARN_UNREACHABLE_CODE = YES;
				CLANG_WARN__DUPLICATE_METHOD_MATCH = YES;
				COPY_PHASE_STRIP = NO;
				DEBUG_INFORMATION_FORMAT = "dwarf-with-dsym";
				ENABLE_NS_ASSERTIONS = NO;
				ENABLE_STRICT_OBJC_MSGSEND = YES;
				GCC_C_LANGUAGE_STANDARD = gnu11;
				GCC_NO_COMMON_BLOCKS = YES;
				GCC_WARN_64_TO_32_BIT_CONVERSION = YES;
				GCC_WARN_ABOUT_RETURN_TYPE = YES_ERROR;
				GCC_WARN_UNDECLARED_SELECTOR = YES;
				GCC_WARN_UNINITIALIZED_AUTOS = YES_AGGRESSIVE;
				GCC_WARN_UNUSED_FUNCTION = YES;
				GCC_WARN_UNUSED_VARIABLE = YES;
				MACOSX_DEPLOYMENT_TARGET = 10.15;
				MTL_ENABLE_DEBUG_INFO = NO;
				MTL_FAST_MATH = YES;
				SDKROOT = macosx;
				SWIFT_COMPILATION_MODE = wholemodule;
				SWIFT_OPTIMIZATION_LEVEL = "-O";
			};
			name = Release;
		};
		AE0521B52445C81B0054F82A /* Debug */ = {
			isa = XCBuildConfiguration;
			buildSettings = {
				ASSETCATALOG_COMPILER_APPICON_NAME = AppIcon;
				CODE_SIGN_ENTITLEMENTS = CookieReader/CookieReader.entitlements;
				CODE_SIGN_STYLE = Automatic;
				COMBINE_HIDPI_IMAGES = YES;
				DEVELOPMENT_TEAM = ZC726AK722;
				ENABLE_HARDENED_RUNTIME = YES;
				INFOPLIST_FILE = CookieReader/Info.plist;
				LD_RUNPATH_SEARCH_PATHS = (
					"$(inherited)",
					"@executable_path/../Frameworks",
				);
				PRODUCT_BUNDLE_IDENTIFIER = com.CookieReader;
				PRODUCT_NAME = "$(TARGET_NAME)";
				SWIFT_VERSION = 5.0;
			};
			name = Debug;
		};
		AE0521B62445C81B0054F82A /* Release */ = {
			isa = XCBuildConfiguration;
			buildSettings = {
				ASSETCATALOG_COMPILER_APPICON_NAME = AppIcon;
				CODE_SIGN_ENTITLEMENTS = CookieReader/CookieReader.entitlements;
				CODE_SIGN_STYLE = Automatic;
				COMBINE_HIDPI_IMAGES = YES;
				DEVELOPMENT_TEAM = ZC726AK722;
				ENABLE_HARDENED_RUNTIME = YES;
				INFOPLIST_FILE = CookieReader/Info.plist;
				LD_RUNPATH_SEARCH_PATHS = (
					"$(inherited)",
					"@executable_path/../Frameworks",
				);
				PRODUCT_BUNDLE_IDENTIFIER = com.CookieReader;
				PRODUCT_NAME = "$(TARGET_NAME)";
				SWIFT_VERSION = 5.0;
			};
			name = Release;
		};
/* End XCBuildConfiguration section */

/* Begin XCConfigurationList section */
		AE05219F2445C8180054F82A /* Build configuration list for PBXProject "CookieReader" */ = {
			isa = XCConfigurationList;
			buildConfigurations = (
				AE0521B22445C81B0054F82A /* Debug */,
				AE0521B32445C81B0054F82A /* Release */,
			);
			defaultConfigurationIsVisible = 0;
			defaultConfigurationName = Release;
		};
		AE0521B42445C81B0054F82A /* Build configuration list for PBXNativeTarget "CookieReader" */ = {
			isa = XCConfigurationList;
			buildConfigurations = (
				AE0521B52445C81B0054F82A /* Debug */,
				AE0521B62445C81B0054F82A /* Release */,
			);
			defaultConfigurationIsVisible = 0;
			defaultConfigurationName = Release;
		};
/* End XCConfigurationList section */
	};
	rootObject = AE05219C2445C8180054F82A /* Project object */;
}
